
Microsoft Visual Studio Solution File, Format Version 12.00
# Visual Studio Version 16
VisualStudioVersion = 16.0.31205.134
MinimumVisualStudioVersion = 10.0.40219.1
Project("{9A19103F-16F7-4668-BE54-9A1E7A4F7556}") = "MainWeb", "MainWeb\MainWeb.csproj", "{87B53B51-1E46-4F9E-BF1C-BDD0E9921FBF}"
EndProject
Project("{FAE04EC0-301F-11D3-BF4B-00C04F79EFBC}") = "DBAccess", "DBAccess\DBAccess.csproj", "{F68DD423-9026-4815-9BD4-949F6556BA73}"
EndProject
Project("{FAE04EC0-301F-11D3-BF4B-00C04F79EFBC}") = "HRIS.Sample", "HRIS.Sample\HRIS.Sample.csproj", "{6D3CF902-4D62-4C68-9129-97E7D0CDA0DB}"
EndProject
Project("{FAE04EC0-301F-11D3-BF4B-00C04F79EFBC}") = "HRIS.Account", "HRIS.Account\HRIS.Account.csproj", "{516FA915-FEF3-4359-9976-6CD8D3D4200D}"
EndProject
Project("{FAE04EC0-301F-11D3-BF4B-00C04F79EFBC}") = "Common", "Common\Common.csproj", "{6328B665-A937-4E87-8A96-728F2BC1D541}"
EndProject
Global
	GlobalSection(SolutionConfigurationPlatforms) = preSolution
		Debug|Any CPU = Debug|Any CPU
		Release|Any CPU = Release|Any CPU
	EndGlobalSection
	GlobalSection(ProjectConfigurationPlatforms) = postSolution
		{87B53B51-1E46-4F9E-BF1C-BDD0E9921FBF}.Debug|Any CPU.ActiveCfg = Debug|Any CPU
		{87B53B51-1E46-4F9E-BF1C-BDD0E9921FBF}.Debug|Any CPU.Build.0 = Debug|Any CPU
		{87B53B51-1E46-4F9E-BF1C-BDD0E9921FBF}.Release|Any CPU.ActiveCfg = Release|Any CPU
		{87B53B51-1E46-4F9E-BF1C-BDD0E9921FBF}.Release|Any CPU.Build.0 = Release|Any CPU
		{F68DD423-9026-4815-9BD4-949F6556BA73}.Debug|Any CPU.ActiveCfg = Debug|Any CPU
		{F68DD423-9026-4815-9BD4-949F6556BA73}.Debug|Any CPU.Build.0 = Debug|Any CPU
		{F68DD423-9026-4815-9BD4-949F6556BA73}.Release|Any CPU.ActiveCfg = Release|Any CPU
		{F68DD423-9026-4815-9BD4-949F6556BA73}.Release|Any CPU.Build.0 = Release|Any CPU
		{6D3CF902-4D62-4C68-9129-97E7D0CDA0DB}.Debug|Any CPU.ActiveCfg = Debug|Any CPU
		{6D3CF902-4D62-4C68-9129-97E7D0CDA0DB}.Debug|Any CPU.Build.0 = Debug|Any CPU
		{6D3CF902-4D62-4C68-9129-97E7D0CDA0DB}.Release|Any CPU.ActiveCfg = Release|Any CPU
		{6D3CF902-4D62-4C68-9129-97E7D0CDA0DB}.Release|Any CPU.Build.0 = Release|Any CPU
		{516FA915-FEF3-4359-9976-6CD8D3D4200D}.Debug|Any CPU.ActiveCfg = Debug|Any CPU
		{516FA915-FEF3-4359-9976-6CD8D3D4200D}.Debug|Any CPU.Build.0 = Debug|Any CPU
		{516FA915-FEF3-4359-9976-6CD8D3D4200D}.Release|Any CPU.ActiveCfg = Release|Any CPU
		{516FA915-FEF3-4359-9976-6CD8D3D4200D}.Release|Any CPU.Build.0 = Release|Any CPU
		{6328B665-A937-4E87-8A96-728F2BC1D541}.Debug|Any CPU.ActiveCfg = Debug|Any CPU
		{6328B665-A937-4E87-8A96-728F2BC1D541}.Debug|Any CPU.Build.0 = Debug|Any CPU
		{6328B665-A937-4E87-8A96-728F2BC1D541}.Release|Any CPU.ActiveCfg = Release|Any CPU
		{6328B665-A937-4E87-8A96-728F2BC1D541}.Release|Any CPU.Build.0 = Release|Any CPU
	EndGlobalSection
	GlobalSection(SolutionProperties) = preSolution
		HideSolutionNode = FALSE
	EndGlobalSection
	GlobalSection(ExtensibilityGlobals) = postSolution
		SolutionGuid = {DD68913B-0A76-4C81-B28F-6D94C9E1249A}
	EndGlobalSection
EndGlobal
